// !$*UTF8*$!
{
	archiveVersion = 1;
	classes = {
	};
	objectVersion = 55;
	objects = {

/* Begin PBXBuildFile section */
		B2D09D6F27D491970067D8FC /* AppDelegate.swift in Sources */ = {isa = PBXBuildFile; fileRef = B2D09D6E27D491970067D8FC /* AppDelegate.swift */; };
		B2D09D7127D491970067D8FC /* SceneDelegate.swift in Sources */ = {isa = PBXBuildFile; fileRef = B2D09D7027D491970067D8FC /* SceneDelegate.swift */; };
		B2D09D7327D491970067D8FC /* ViewController.swift in Sources */ = {isa = PBXBuildFile; fileRef = B2D09D7227D491970067D8FC /* ViewController.swift */; };
		B2D09D7627D491970067D8FC /* Main.storyboard in Resources */ = {isa = PBXBuildFile; fileRef = B2D09D7427D491970067D8FC /* Main.storyboard */; };
		B2D09D7827D4919C0067D8FC /* Assets.xcassets in Resources */ = {isa = PBXBuildFile; fileRef = B2D09D7727D4919C0067D8FC /* Assets.xcassets */; };
		B2D09D7B27D4919C0067D8FC /* LaunchScreen.storyboard in Resources */ = {isa = PBXBuildFile; fileRef = B2D09D7927D4919C0067D8FC /* LaunchScreen.storyboard */; };
		B2D09D8527D492160067D8FC /* Dynamic.swift in Sources */ = {isa = PBXBuildFile; fileRef = B2D09D8427D492160067D8FC /* Dynamic.swift */; };
		B2D09D8727D4924E0067D8FC /* ViewModel.swift in Sources */ = {isa = PBXBuildFile; fileRef = B2D09D8627D4924E0067D8FC /* ViewModel.swift */; };
		B2D09D8C27D492F50067D8FC /* User.swift in Sources */ = {isa = PBXBuildFile; fileRef = B2D09D8B27D492F50067D8FC /* User.swift */; };
		B2D09D8E27D6048D0067D8FC /* MyTableViewCell.swift in Sources */ = {isa = PBXBuildFile; fileRef = B2D09D8D27D6048C0067D8FC /* MyTableViewCell.swift */; };
/* End PBXBuildFile section */

/* Begin PBXFileReference section */
		B2D09D6B27D491970067D8FC /* Expense Tracker App.app */ = {isa = PBXFileReference; explicitFileType = wrapper.application; includeInIndex = 0; path = "Expense Tracker App.app"; sourceTree = BUILT_PRODUCTS_DIR; };
		B2D09D6E27D491970067D8FC /* AppDelegate.swift */ = {isa = PBXFileReference; lastKnownFileType = sourcecode.swift; path = AppDelegate.swift; sourceTree = "<group>"; };
		B2D09D7027D491970067D8FC /* SceneDelegate.swift */ = {isa = PBXFileReference; lastKnownFileType = sourcecode.swift; path = SceneDelegate.swift; sourceTree = "<group>"; };
		B2D09D7227D491970067D8FC /* ViewController.swift */ = {isa = PBXFileReference; lastKnownFileType = sourcecode.swift; path = ViewController.swift; sourceTree = "<group>"; };
		B2D09D7527D491970067D8FC /* Base */ = {isa = PBXFileReference; lastKnownFileType = file.storyboard; name = Base; path = Base.lproj/Main.storyboard; sourceTree = "<group>"; };
		B2D09D7727D4919C0067D8FC /* Assets.xcassets */ = {isa = PBXFileReference; lastKnownFileType = folder.assetcatalog; path = Assets.xcassets; sourceTree = "<group>"; };
		B2D09D7A27D4919C0067D8FC /* Base */ = {isa = PBXFileReference; lastKnownFileType = file.storyboard; name = Base; path = Base.lproj/LaunchScreen.storyboard; sourceTree = "<group>"; };
		B2D09D7C27D4919C0067D8FC /* Info.plist */ = {isa = PBXFileReference; lastKnownFileType = text.plist.xml; path = Info.plist; sourceTree = "<group>"; };
		B2D09D8427D492160067D8FC /* Dynamic.swift */ = {isa = PBXFileReference; lastKnownFileType = sourcecode.swift; path = Dynamic.swift; sourceTree = "<group>"; };
		B2D09D8627D4924E0067D8FC /* ViewModel.swift */ = {isa = PBXFileReference; lastKnownFileType = sourcecode.swift; path = ViewModel.swift; sourceTree = "<group>"; };
		B2D09D8B27D492F50067D8FC /* User.swift */ = {isa = PBXFileReference; lastKnownFileType = sourcecode.swift; path = User.swift; sourceTree = "<group>"; };
		B2D09D8D27D6048C0067D8FC /* MyTableViewCell.swift */ = {isa = PBXFileReference; lastKnownFileType = sourcecode.swift; path = MyTableViewCell.swift; sourceTree = "<group>"; };
/* End PBXFileReference section */

/* Begin PBXFrameworksBuildPhase section */
		B2D09D6827D491970067D8FC /* Frameworks */ = {
			isa = PBXFrameworksBuildPhase;
			buildActionMask = 2147483647;
			files = (
			);
			runOnlyForDeploymentPostprocessing = 0;
		};
/* End PBXFrameworksBuildPhase section */

/* Begin PBXGroup section */
		B2D09D6227D491970067D8FC = {
			isa = PBXGroup;
			children = (
				B2D09D6D27D491970067D8FC /* Expense Tracker App */,
				B2D09D6C27D491970067D8FC /* Products */,
			);
			sourceTree = "<group>";
		};
		B2D09D6C27D491970067D8FC /* Products */ = {
			isa = PBXGroup;
			children = (
				B2D09D6B27D491970067D8FC /* Expense Tracker App.app */,
			);
			name = Products;
			sourceTree = "<group>";
		};
		B2D09D6D27D491970067D8FC /* Expense Tracker App */ = {
			isa = PBXGroup;
			children = (
				B2D09D8227D491DC0067D8FC /* ViewModels */,
				B2D09D8A27D492C30067D8FC /* Models */,
				B2D09D6E27D491970067D8FC /* AppDelegate.swift */,
				B2D09D7027D491970067D8FC /* SceneDelegate.swift */,
				B2D09D7727D4919C0067D8FC /* Assets.xcassets */,
				B2D09D7C27D4919C0067D8FC /* Info.plist */,
			);
			path = "Expense Tracker App";
			sourceTree = "<group>";
		};
		B2D09D8227D491DC0067D8FC /* ViewModels */ = {
			isa = PBXGroup;
			children = (
				B2D09D8327D491F00067D8FC /* Bindings */,
				B2D09D8627D4924E0067D8FC /* ViewModel.swift */,
				B2D09D8827D492720067D8FC /* Views */,
			);
			path = ViewModels;
			sourceTree = "<group>";
		};
		B2D09D8327D491F00067D8FC /* Bindings */ = {
			isa = PBXGroup;
			children = (
				B2D09D8427D492160067D8FC /* Dynamic.swift */,
			);
			path = Bindings;
			sourceTree = "<group>";
		};
		B2D09D8827D492720067D8FC /* Views */ = {
			isa = PBXGroup;
			children = (
				B2D09D7227D491970067D8FC /* ViewController.swift */,
				B2D09D8D27D6048C0067D8FC /* MyTableViewCell.swift */,
				B2D09D8927D4929D0067D8FC /* Storyboards */,
			);
			path = Views;
			sourceTree = "<group>";
		};
		B2D09D8927D4929D0067D8FC /* Storyboards */ = {
			isa = PBXGroup;
			children = (
				B2D09D7427D491970067D8FC /* Main.storyboard */,
				B2D09D7927D4919C0067D8FC /* LaunchScreen.storyboard */,
			);
			path = Storyboards;
			sourceTree = "<group>";
		};
		B2D09D8A27D492C30067D8FC /* Models */ = {
			isa = PBXGroup;
			children = (
				B2D09D8B27D492F50067D8FC /* User.swift */,
			);
			path = Models;
			sourceTree = "<group>";
		};
/* End PBXGroup section */

/* Begin PBXNativeTarget section */
		B2D09D6A27D491970067D8FC /* Expense Tracker App */ = {
			isa = PBXNativeTarget;
			buildConfigurationList = B2D09D7F27D4919C0067D8FC /* Build configuration list for PBXNativeTarget "Expense Tracker App" */;
			buildPhases = (
				B2D09D6727D491970067D8FC /* Sources */,
				B2D09D6827D491970067D8FC /* Frameworks */,
				B2D09D6927D491970067D8FC /* Resources */,
			);
			buildRules = (
			);
			dependencies = (
			);
			name = "Expense Tracker App";
			productName = "Expense Tracker App";
			productReference = B2D09D6B27D491970067D8FC /* Expense Tracker App.app */;
			productType = "com.apple.product-type.application";
		};
/* End PBXNativeTarget section */

/* Begin PBXProject section */
		B2D09D6327D491970067D8FC /* Project object */ = {
			isa = PBXProject;
			attributes = {
				BuildIndependentTargetsInParallel = 1;
				LastSwiftUpdateCheck = 1320;
				LastUpgradeCheck = 1320;
				TargetAttributes = {
					B2D09D6A27D491970067D8FC = {
						CreatedOnToolsVersion = 13.2.1;
					};
				};
			};
			buildConfigurationList = B2D09D6627D491970067D8FC /* Build configuration list for PBXProject "Expense Tracker App" */;
			compatibilityVersion = "Xcode 13.0";
			developmentRegion = en;
			hasScannedForEncodings = 0;
			knownRegions = (
				en,
				Base,
			);
			mainGroup = B2D09D6227D491970067D8FC;
			productRefGroup = B2D09D6C27D491970067D8FC /* Products */;
			projectDirPath = "";
			projectRoot = "";
			targets = (
				B2D09D6A27D491970067D8FC /* Expense Tracker App */,
			);
		};
/* End PBXProject section */

/* Begin PBXResourcesBuildPhase section */
		B2D09D6927D491970067D8FC /* Resources */ = {
			isa = PBXResourcesBuildPhase;
			buildActionMask = 2147483647;
			files = (
				B2D09D7B27D4919C0067D8FC /* LaunchScreen.storyboard in Resources */,
				B2D09D7827D4919C0067D8FC /* Assets.xcassets in Resources */,
				B2D09D7627D491970067D8FC /* Main.storyboard in Resources */,
			);
			runOnlyForDeploymentPostprocessing = 0;
		};
/* End PBXResourcesBuildPhase section */

/* Begin PBXSourcesBuildPhase section */
		B2D09D6727D491970067D8FC /* Sources */ = {
			isa = PBXSourcesBuildPhase;
			buildActionMask = 2147483647;
			files = (
				B2D09D8E27D6048D0067D8FC /* MyTableViewCell.swift in Sources */,
				B2D09D8727D4924E0067D8FC /* ViewModel.swift in Sources */,
				B2D09D7327D491970067D8FC /* ViewController.swift in Sources */,
				B2D09D8C27D492F50067D8FC /* User.swift in Sources */,
				B2D09D8527D492160067D8FC /* Dynamic.swift in Sources */,
				B2D09D6F27D491970067D8FC /* AppDelegate.swift in Sources */,
				B2D09D7127D491970067D8FC /* SceneDelegate.swift in Sources */,
			);
			runOnlyForDeploymentPostprocessing = 0;
		};
/* End PBXSourcesBuildPhase section */

/* Begin PBXVariantGroup section */
		B2D09D7427D491970067D8FC /* Main.storyboard */ = {
			isa = PBXVariantGroup;
			children = (
				B2D09D7527D491970067D8FC /* Base */,
			);
			name = Main.storyboard;
			sourceTree = "<group>";
		};
		B2D09D7927D4919C0067D8FC /* LaunchScreen.storyboard */ = {
			isa = PBXVariantGroup;
			children = (
				B2D09D7A27D4919C0067D8FC /* Base */,
			);
			name = LaunchScreen.storyboard;
			sourceTree = "<group>";
		};
/* End PBXVariantGroup section */

/* Begin XCBuildConfiguration section */
		B2D09D7D27D4919C0067D8FC /* Debug */ = {
			isa = XCBuildConfiguration;
			buildSettings = {
				ALWAYS_SEARCH_USER_PATHS = NO;
				CLANG_ANALYZER_NONNULL = YES;
				CLANG_ANALYZER_NUMBER_OBJECT_CONVERSION = YES_AGGRESSIVE;
				CLANG_CXX_LANGUAGE_STANDARD = "gnu++17";
				CLANG_CXX_LIBRARY = "libc++";
				CLANG_ENABLE_MODULES = YES;
				CLANG_ENABLE_OBJC_ARC = YES;
				CLANG_ENABLE_OBJC_WEAK = YES;
				CLANG_WARN_BLOCK_CAPTURE_AUTORELEASING = YES;
				CLANG_WARN_BOOL_CONVERSION = YES;
				CLANG_WARN_COMMA = YES;
				CLANG_WARN_CONSTANT_CONVERSION = YES;
				CLANG_WARN_DEPRECATED_OBJC_IMPLEMENTATIONS = YES;
				CLANG_WARN_DIRECT_OBJC_ISA_USAGE = YES_ERROR;
				CLANG_WARN_DOCUMENTATION_COMMENTS = YES;
				CLANG_WARN_EMPTY_BODY = YES;
				CLANG_WARN_ENUM_CONVERSION = YES;
				CLANG_WARN_INFINITE_RECURSION = YES;
				CLANG_WARN_INT_CONVERSION = YES;
				CLANG_WARN_NON_LITERAL_NULL_CONVERSION = YES;
				CLANG_WARN_OBJC_IMPLICIT_RETAIN_SELF = YES;
				CLANG_WARN_OBJC_LITERAL_CONVERSION = YES;
				CLANG_WARN_OBJC_ROOT_CLASS = YES_ERROR;
				CLANG_WARN_QUOTED_INCLUDE_IN_FRAMEWORK_HEADER = YES;
				CLANG_WARN_RANGE_LOOP_ANALYSIS = YES;
				CLANG_WARN_STRICT_PROTOTYPES = YES;
				CLANG_WARN_SUSPICIOUS_MOVE = YES;
				CLANG_WARN_UNGUARDED_AVAILABILITY = YES_AGGRESSIVE;
				CLANG_WARN_UNREACHABLE_CODE = YES;
				CLANG_WARN__DUPLICATE_METHOD_MATCH = YES;
				COPY_PHASE_STRIP = NO;
				DEBUG_INFORMATION_FORMAT = dwarf;
				ENABLE_STRICT_OBJC_MSGSEND = YES;
				ENABLE_TESTABILITY = YES;
				GCC_C_LANGUAGE_STANDARD = gnu11;
				GCC_DYNAMIC_NO_PIC = NO;
				GCC_NO_COMMON_BLOCKS = YES;
				GCC_OPTIMIZATION_LEVEL = 0;
				GCC_PREPROCESSOR_DEFINITIONS = (
					"DEBUG=1",
					"$(inherited)",
				);
				GCC_WARN_64_TO_32_BIT_CONVERSION = YES;
				GCC_WARN_ABOUT_RETURN_TYPE = YES_ERROR;
				GCC_WARN_UNDECLARED_SELECTOR = YES;
				GCC_WARN_UNINITIALIZED_AUTOS = YES_AGGRESSIVE;
				GCC_WARN_UNUSED_FUNCTION = YES;
				GCC_WARN_UNUSED_VARIABLE = YES;
				IPHONEOS_DEPLOYMENT_TARGET = 15.2;
				MTL_ENABLE_DEBUG_INFO = INCLUDE_SOURCE;
				MTL_FAST_MATH = YES;
				ONLY_ACTIVE_ARCH = YES;
				SDKROOT = iphoneos;
				SWIFT_ACTIVE_COMPILATION_CONDITIONS = DEBUG;
				SWIFT_OPTIMIZATION_LEVEL = "-Onone";
			};
			name = Debug;
		};
		B2D09D7E27D4919C0067D8FC /* Release */ = {
			isa = XCBuildConfiguration;
			buildSettings = {
				ALWAYS_SEARCH_USER_PATHS = NO;
				CLANG_ANALYZER_NONNULL = YES;
				CLANG_ANALYZER_NUMBER_OBJECT_CONVERSION = YES_AGGRESSIVE;
				CLANG_CXX_LANGUAGE_STANDARD = "gnu++17";
				CLANG_CXX_LIBRARY = "libc++";
				CLANG_ENABLE_MODULES = YES;
				CLANG_ENABLE_OBJC_ARC = YES;
				CLANG_ENABLE_OBJC_WEAK = YES;
				CLANG_WARN_BLOCK_CAPTURE_AUTORELEASING = YES;
				CLANG_WARN_BOOL_CONVERSION = YES;
				CLANG_WARN_COMMA = YES;
				CLANG_WARN_CONSTANT_CONVERSION = YES;
				CLANG_WARN_DEPRECATED_OBJC_IMPLEMENTATIONS = YES;
				CLANG_WARN_DIRECT_OBJC_ISA_USAGE = YES_ERROR;
				CLANG_WARN_DOCUMENTATION_COMMENTS = YES;
				CLANG_WARN_EMPTY_BODY = YES;
				CLANG_WARN_ENUM_CONVERSION = YES;
				CLANG_WARN_INFINITE_RECURSION = YES;
				CLANG_WARN_INT_CONVERSION = YES;
				CLANG_WARN_NON_LITERAL_NULL_CONVERSION = YES;
				CLANG_WARN_OBJC_IMPLICIT_RETAIN_SELF = YES;
				CLANG_WARN_OBJC_LITERAL_CONVERSION = YES;
				CLANG_WARN_OBJC_ROOT_CLASS = YES_ERROR;
				CLANG_WARN_QUOTED_INCLUDE_IN_FRAMEWORK_HEADER = YES;
				CLANG_WARN_RANGE_LOOP_ANALYSIS = YES;
				CLANG_WARN_STRICT_PROTOTYPES = YES;
				CLANG_WARN_SUSPICIOUS_MOVE = YES;
				CLANG_WARN_UNGUARDED_AVAILABILITY = YES_AGGRESSIVE;
				CLANG_WARN_UNREACHABLE_CODE = YES;
				CLANG_WARN__DUPLICATE_METHOD_MATCH = YES;
				COPY_PHASE_STRIP = NO;
				DEBUG_INFORMATION_FORMAT = "dwarf-with-dsym";
				ENABLE_NS_ASSERTIONS = NO;
				ENABLE_STRICT_OBJC_MSGSEND = YES;
				GCC_C_LANGUAGE_STANDARD = gnu11;
				GCC_NO_COMMON_BLOCKS = YES;
				GCC_WARN_64_TO_32_BIT_CONVERSION = YES;
				GCC_WARN_ABOUT_RETURN_TYPE = YES_ERROR;
				GCC_WARN_UNDECLARED_SELECTOR = YES;
				GCC_WARN_UNINITIALIZED_AUTOS = YES_AGGRESSIVE;
				GCC_WARN_UNUSED_FUNCTION = YES;
				GCC_WARN_UNUSED_VARIABLE = YES;
				IPHONEOS_DEPLOYMENT_TARGET = 15.2;
				MTL_ENABLE_DEBUG_INFO = NO;
				MTL_FAST_MATH = YES;
				SDKROOT = iphoneos;
				SWIFT_COMPILATION_MODE = wholemodule;
				SWIFT_OPTIMIZATION_LEVEL = "-O";
				VALIDATE_PRODUCT = YES;
			};
			name = Release;
		};
		B2D09D8027D4919C0067D8FC /* Debug */ = {
			isa = XCBuildConfiguration;
			buildSettings = {
				ASSETCATALOG_COMPILER_APPICON_NAME = AppIcon;
				ASSETCATALOG_COMPILER_GLOBAL_ACCENT_COLOR_NAME = AccentColor;
				CODE_SIGN_STYLE = Automatic;
				CURRENT_PROJECT_VERSION = 1;
				DEVELOPMENT_TEAM = 9LDWUP27AK;
				GENERATE_INFOPLIST_FILE = YES;
				INFOPLIST_FILE = "Expense Tracker App/Info.plist";
				INFOPLIST_KEY_UIApplicationSupportsIndirectInputEvents = YES;
				INFOPLIST_KEY_UILaunchStoryboardName = LaunchScreen;
				INFOPLIST_KEY_UIMainStoryboardFile = Main;
				INFOPLIST_KEY_UISupportedInterfaceOrientations_iPad = "UIInterfaceOrientationPortrait UIInterfaceOrientationPortraitUpsideDown UIInterfaceOrientationLandscapeLeft UIInterfaceOrientationLandscapeRight";
				INFOPLIST_KEY_UISupportedInterfaceOrientations_iPhone = "UIInterfaceOrientationPortrait UIInterfaceOrientationLandscapeLeft UIInterfaceOrientationLandscapeRight";
				IPHONEOS_DEPLOYMENT_TARGET = 13.2;
				LD_RUNPATH_SEARCH_PATHS = (
					"$(inherited)",
					"@executable_path/Frameworks",
				);
				MARKETING_VERSION = 1.0;
				PRODUCT_BUNDLE_IDENTIFIER = "com.mysite.Expense-Tracker-App";
				PRODUCT_NAME = "$(TARGET_NAME)";
				SWIFT_EMIT_LOC_STRINGS = YES;
				SWIFT_VERSION = 5.0;
				TARGETED_DEVICE_FAMILY = "1,2";
			};
			name = Debug;
		};
		B2D09D8127D4919C0067D8FC /* Release */ = {
			isa = XCBuildConfiguration;
			buildSettings = {
				ASSETCATALOG_COMPILER_APPICON_NAME = AppIcon;
				ASSETCATALOG_COMPILER_GLOBAL_ACCENT_COLOR_NAME = AccentColor;
				CODE_SIGN_STYLE = Automatic;
				CURRENT_PROJECT_VERSION = 1;
				DEVELOPMENT_TEAM = 9LDWUP27AK;
				GENERATE_INFOPLIST_FILE = YES;
				INFOPLIST_FILE = "Expense Tracker App/Info.plist";
				INFOPLIST_KEY_UIApplicationSupportsIndirectInputEvents = YES;
				INFOPLIST_KEY_UILaunchStoryboardName = LaunchScreen;
				INFOPLIST_KEY_UIMainStoryboardFile = Main;
				INFOPLIST_KEY_UISupportedInterfaceOrientations_iPad = "UIInterfaceOrientationPortrait UIInterfaceOrientationPortraitUpsideDown UIInterfaceOrientationLandscapeLeft UIInterfaceOrientationLandscapeRight";
				INFOPLIST_KEY_UISupportedInterfaceOrientations_iPhone = "UIInterfaceOrientationPortrait UIInterfaceOrientationLandscapeLeft UIInterfaceOrientationLandscapeRight";
				IPHONEOS_DEPLOYMENT_TARGET = 13.2;
				LD_RUNPATH_SEARCH_PATHS = (
					"$(inherited)",
					"@executable_path/Frameworks",
				);
				MARKETING_VERSION = 1.0;
				PRODUCT_BUNDLE_IDENTIFIER = "com.mysite.Expense-Tracker-App";
				PRODUCT_NAME = "$(TARGET_NAME)";
				SWIFT_EMIT_LOC_STRINGS = YES;
				SWIFT_VERSION = 5.0;
				TARGETED_DEVICE_FAMILY = "1,2";
			};
			name = Release;
		};
/* End XCBuildConfiguration section */

/* Begin XCConfigurationList section */
		B2D09D6627D491970067D8FC /* Build configuration list for PBXProject "Expense Tracker App" */ = {
			isa = XCConfigurationList;
			buildConfigurations = (
				B2D09D7D27D4919C0067D8FC /* Debug */,
				B2D09D7E27D4919C0067D8FC /* Release */,
			);
			defaultConfigurationIsVisible = 0;
			defaultConfigurationName = Release;
		};
		B2D09D7F27D4919C0067D8FC /* Build configuration list for PBXNativeTarget "Expense Tracker App" */ = {
			isa = XCConfigurationList;
			buildConfigurations = (
				B2D09D8027D4919C0067D8FC /* Debug */,
				B2D09D8127D4919C0067D8FC /* Release */,
			);
			defaultConfigurationIsVisible = 0;
			defaultConfigurationName = Release;
		};
/* End XCConfigurationList section */
	};
	rootObject = B2D09D6327D491970067D8FC /* Project object */;
}
